
Microsoft Visual Studio Solution File, Format Version 12.00
# Visual Studio Version 17
Project("{2150E333-8FDC-42A3-9474-1A3956D46DE8}") = "CMakePredefinedTargets", "CMakePredefinedTargets", "{55CF61EC-CDA8-3C2F-889A-C07929594ABB}"
EndProject
Project("{8BC9CEB8-8B4A-11D0-8D11-00A0C91BC942}") = "ALL_BUILD", "ALL_BUILD.vcxproj", "{67A31716-7243-365F-86D3-10743FAF9324}"
	ProjectSection(ProjectDependencies) = postProject
		{80361CC3-8E4F-3054-B67C-B8C329FA6DF6} = {80361CC3-8E4F-3054-B67C-B8C329FA6DF6}
		{C0F0F3AF-49CE-3D23-930F-02EEEA83D1B1} = {C0F0F3AF-49CE-3D23-930F-02EEEA83D1B1}
		{6AF04551-97C0-3BF9-BF64-6777F4873AFE} = {6AF04551-97C0-3BF9-BF64-6777F4873AFE}
	EndProjectSection
EndProject
Project("{8BC9CEB8-8B4A-11D0-8D11-00A0C91BC942}") = "VulkanCppModule", "VulkanCppModule.vcxproj", "{80361CC3-8E4F-3054-B67C-B8C329FA6DF6}"
	ProjectSection(ProjectDependencies) = postProject
		{6AF04551-97C0-3BF9-BF64-6777F4873AFE} = {6AF04551-97C0-3BF9-BF64-6777F4873AFE}
	EndProjectSection
EndProject
Project("{8BC9CEB8-8B4A-11D0-8D11-00A0C91BC942}") = "VulkanTriangleApplication", "VulkanTriangleApplication.vcxproj", "{C0F0F3AF-49CE-3D23-930F-02EEEA83D1B1}"
	ProjectSection(ProjectDependencies) = postProject
		{80361CC3-8E4F-3054-B67C-B8C329FA6DF6} = {80361CC3-8E4F-3054-B67C-B8C329FA6DF6}
		{6AF04551-97C0-3BF9-BF64-6777F4873AFE} = {6AF04551-97C0-3BF9-BF64-6777F4873AFE}
	EndProjectSection
EndProject
Project("{8BC9CEB8-8B4A-11D0-8D11-00A0C91BC942}") = "ZERO_CHECK", "ZERO_CHECK.vcxproj", "{6AF04551-97C0-3BF9-BF64-6777F4873AFE}"
	ProjectSection(ProjectDependencies) = postProject
	EndProjectSection
EndProject
Global
	GlobalSection(SolutionConfigurationPlatforms) = preSolution
		Debug|x64 = Debug|x64
		Release|x64 = Release|x64
		MinSizeRel|x64 = MinSizeRel|x64
		RelWithDebInfo|x64 = RelWithDebInfo|x64
	EndGlobalSection
	GlobalSection(ProjectConfigurationPlatforms) = postSolution
		{67A31716-7243-365F-86D3-10743FAF9324}.Debug|x64.ActiveCfg = Debug|x64
		{67A31716-7243-365F-86D3-10743FAF9324}.Release|x64.ActiveCfg = Release|x64
		{67A31716-7243-365F-86D3-10743FAF9324}.MinSizeRel|x64.ActiveCfg = MinSizeRel|x64
		{67A31716-7243-365F-86D3-10743FAF9324}.RelWithDebInfo|x64.ActiveCfg = RelWithDebInfo|x64
		{80361CC3-8E4F-3054-B67C-B8C329FA6DF6}.Debug|x64.ActiveCfg = Debug|x64
		{80361CC3-8E4F-3054-B67C-B8C329FA6DF6}.Debug|x64.Build.0 = Debug|x64
		{80361CC3-8E4F-3054-B67C-B8C329FA6DF6}.Release|x64.ActiveCfg = Release|x64
		{80361CC3-8E4F-3054-B67C-B8C329FA6DF6}.Release|x64.Build.0 = Release|x64
		{80361CC3-8E4F-3054-B67C-B8C329FA6DF6}.MinSizeRel|x64.ActiveCfg = MinSizeRel|x64
		{80361CC3-8E4F-3054-B67C-B8C329FA6DF6}.MinSizeRel|x64.Build.0 = MinSizeRel|x64
		{80361CC3-8E4F-3054-B67C-B8C329FA6DF6}.RelWithDebInfo|x64.ActiveCfg = RelWithDebInfo|x64
		{80361CC3-8E4F-3054-B67C-B8C329FA6DF6}.RelWithDebInfo|x64.Build.0 = RelWithDebInfo|x64
		{C0F0F3AF-49CE-3D23-930F-02EEEA83D1B1}.Debug|x64.ActiveCfg = Debug|x64
		{C0F0F3AF-49CE-3D23-930F-02EEEA83D1B1}.Debug|x64.Build.0 = Debug|x64
		{C0F0F3AF-49CE-3D23-930F-02EEEA83D1B1}.Release|x64.ActiveCfg = Release|x64
		{C0F0F3AF-49CE-3D23-930F-02EEEA83D1B1}.Release|x64.Build.0 = Release|x64
		{C0F0F3AF-49CE-3D23-930F-02EEEA83D1B1}.MinSizeRel|x64.ActiveCfg = MinSizeRel|x64
		{C0F0F3AF-49CE-3D23-930F-02EEEA83D1B1}.MinSizeRel|x64.Build.0 = MinSizeRel|x64
		{C0F0F3AF-49CE-3D23-930F-02EEEA83D1B1}.RelWithDebInfo|x64.ActiveCfg = RelWithDebInfo|x64
		{C0F0F3AF-49CE-3D23-930F-02EEEA83D1B1}.RelWithDebInfo|x64.Build.0 = RelWithDebInfo|x64
		{6AF04551-97C0-3BF9-BF64-6777F4873AFE}.Debug|x64.ActiveCfg = Debug|x64
		{6AF04551-97C0-3BF9-BF64-6777F4873AFE}.Debug|x64.Build.0 = Debug|x64
		{6AF04551-97C0-3BF9-BF64-6777F4873AFE}.Release|x64.ActiveCfg = Release|x64
		{6AF04551-97C0-3BF9-BF64-6777F4873AFE}.Release|x64.Build.0 = Release|x64
		{6AF04551-97C0-3BF9-BF64-6777F4873AFE}.MinSizeRel|x64.ActiveCfg = MinSizeRel|x64
		{6AF04551-97C0-3BF9-BF64-6777F4873AFE}.MinSizeRel|x64.Build.0 = MinSizeRel|x64
		{6AF04551-97C0-3BF9-BF64-6777F4873AFE}.RelWithDebInfo|x64.ActiveCfg = RelWithDebInfo|x64
		{6AF04551-97C0-3BF9-BF64-6777F4873AFE}.RelWithDebInfo|x64.Build.0 = RelWithDebInfo|x64
	EndGlobalSection
	GlobalSection(NestedProjects) = preSolution
		{67A31716-7243-365F-86D3-10743FAF9324} = {55CF61EC-CDA8-3C2F-889A-C07929594ABB}
		{6AF04551-97C0-3BF9-BF64-6777F4873AFE} = {55CF61EC-CDA8-3C2F-889A-C07929594ABB}
	EndGlobalSection
	GlobalSection(ExtensibilityGlobals) = postSolution
		SolutionGuid = {F4366D7D-181C-3D60-A687-1602F289B37C}
	EndGlobalSection
	GlobalSection(ExtensibilityAddIns) = postSolution
	EndGlobalSection
EndGlobal
